
Microsoft Visual Studio Solution File, Format Version 12.00
# Visual Studio Version 16
VisualStudioVersion = 16.0.31613.86
MinimumVisualStudioVersion = 10.0.40219.1
Project("{FAE04EC0-301F-11D3-BF4B-00C04F79EFBC}") = "formPrac1", "formPrac1\formPrac1.csproj", "{463FF8E3-93A9-432B-990A-8BD65CB658A9}"
EndProject
Global
	GlobalSection(SolutionConfigurationPlatforms) = preSolution
		Debug|Any CPU = Debug|Any CPU
		Release|Any CPU = Release|Any CPU
	EndGlobalSection
	GlobalSection(ProjectConfigurationPlatforms) = postSolution
		{463FF8E3-93A9-432B-990A-8BD65CB658A9}.Debug|Any CPU.ActiveCfg = Debug|Any CPU
		{463FF8E3-93A9-432B-990A-8BD65CB658A9}.Debug|Any CPU.Build.0 = Debug|Any CPU
		{463FF8E3-93A9-432B-990A-8BD65CB658A9}.Release|Any CPU.ActiveCfg = Release|Any CPU
		{463FF8E3-93A9-432B-990A-8BD65CB658A9}.Release|Any CPU.Build.0 = Release|Any CPU
	EndGlobalSection
	GlobalSection(SolutionProperties) = preSolution
		HideSolutionNode = FALSE
	EndGlobalSection
	GlobalSection(ExtensibilityGlobals) = postSolution
		SolutionGuid = {F9B9BEF7-8A6D-4C41-87DE-8AA697EC0138}
	EndGlobalSection
EndGlobal
