
Microsoft Visual Studio Solution File, Format Version 12.00
# Visual Studio Version 16
VisualStudioVersion = 16.0.31702.278
MinimumVisualStudioVersion = 10.0.40219.1
Project("{00D1A9C2-B5F0-4AF3-8072-F6C62B433612}") = "SQLPrac2", "SQLPrac2\SQLPrac2.sqlproj", "{15FEC42D-A7E8-4A9A-8808-DC6EFB7AFA79}"
EndProject
Global
	GlobalSection(SolutionConfigurationPlatforms) = preSolution
		Debug|Any CPU = Debug|Any CPU
		Release|Any CPU = Release|Any CPU
	EndGlobalSection
	GlobalSection(ProjectConfigurationPlatforms) = postSolution
		{15FEC42D-A7E8-4A9A-8808-DC6EFB7AFA79}.Debug|Any CPU.ActiveCfg = Debug|Any CPU
		{15FEC42D-A7E8-4A9A-8808-DC6EFB7AFA79}.Debug|Any CPU.Build.0 = Debug|Any CPU
		{15FEC42D-A7E8-4A9A-8808-DC6EFB7AFA79}.Debug|Any CPU.Deploy.0 = Debug|Any CPU
		{15FEC42D-A7E8-4A9A-8808-DC6EFB7AFA79}.Release|Any CPU.ActiveCfg = Release|Any CPU
		{15FEC42D-A7E8-4A9A-8808-DC6EFB7AFA79}.Release|Any CPU.Build.0 = Release|Any CPU
		{15FEC42D-A7E8-4A9A-8808-DC6EFB7AFA79}.Release|Any CPU.Deploy.0 = Release|Any CPU
	EndGlobalSection
	GlobalSection(SolutionProperties) = preSolution
		HideSolutionNode = FALSE
	EndGlobalSection
	GlobalSection(ExtensibilityGlobals) = postSolution
		SolutionGuid = {73939B6C-4A46-4664-921D-960C4166D7B8}
	EndGlobalSection
EndGlobal
